{
  "name": "d3-playground",
  "version": "1.0.0",
  "lockfileVersion": 1,
  "requires": true,
  "dependencies": {
    "@types/d3": {
      "version": "6.1.0",
      "resolved": "https://registry.npmjs.org/@types/d3/-/d3-6.1.0.tgz",
      "integrity": "sha512-Jh5tF7TxM9cBTDcTBFUH9nJfUIvzc4OnkyKXzh7X/4z46vPrp2GEzX2KD2I6l/CubtLtHxMiDKNkaqkOSORM1g==",
      "requires": {
        "@types/d3-array": "*",
        "@types/d3-axis": "*",
        "@types/d3-brush": "*",
        "@types/d3-chord": "*",
        "@types/d3-color": "*",
        "@types/d3-contour": "*",
        "@types/d3-delaunay": "*",
        "@types/d3-dispatch": "*",
        "@types/d3-drag": "*",
        "@types/d3-dsv": "*",
        "@types/d3-ease": "*",
        "@types/d3-fetch": "*",
        "@types/d3-force": "*",
        "@types/d3-format": "*",
        "@types/d3-geo": "*",
        "@types/d3-hierarchy": "*",
        "@types/d3-interpolate": "*",
        "@types/d3-path": "*",
        "@types/d3-polygon": "*",
        "@types/d3-quadtree": "*",
        "@types/d3-random": "*",
        "@types/d3-scale": "*",
        "@types/d3-scale-chromatic": "*",
        "@types/d3-selection": "*",
        "@types/d3-shape": "*",
        "@types/d3-time": "*",
        "@types/d3-time-format": "*",
        "@types/d3-timer": "*",
        "@types/d3-transition": "*",
        "@types/d3-zoom": "*"
      }
    },
    "@types/d3-array": {
      "version": "2.5.0",
      "resolved": "https://registry.npmjs.org/@types/d3-array/-/d3-array-2.5.0.tgz",
      "integrity": "sha512-zQLQCdsjZQOt+qRNwqp5DyxStSqfVTFj8/iurjyd/02DVi/rNAqIAQk6l6fPwtqAW0Us2YdqJ9orfImA7moegg=="
    },
    "@types/d3-axis": {
      "version": "2.0.0",
      "resolved": "https://registry.npmjs.org/@types/d3-axis/-/d3-axis-2.0.0.tgz",
      "integrity": "sha512-gUdlEwGBLl3tXGiBnBNmNzph9W3bCfa4tBgWZD60Z1eDQKTY4zyCAcZ3LksignGfKawYatmDYcBdjJ5h/54sqA==",
      "requires": {
        "@types/d3-selection": "*"
      }
    },
    "@types/d3-brush": {
      "version": "2.1.0",
      "resolved": "https://registry.npmjs.org/@types/d3-brush/-/d3-brush-2.1.0.tgz",
      "integrity": "sha512-rLQqxQeXWF4ArXi81GlV8HBNwJw9EDpz0jcWvvzv548EDE4tXrayBTOHYi/8Q4FZ/Df8PGXFzxpAVQmJMjOtvQ==",
      "requires": {
        "@types/d3-selection": "*"
      }
    },
    "@types/d3-chord": {
      "version": "2.0.0",
      "resolved": "https://registry.npmjs.org/@types/d3-chord/-/d3-chord-2.0.0.tgz",
      "integrity": "sha512-3nHsLY7lImpZlM/hrPeDqqW2a+lRXXoHsG54QSurDGihZAIE/doQlohs0evoHrWOJqXyn4A4xbSVEtXnMEZZiw=="
    },
    "@types/d3-color": {
      "version": "1.4.1",
      "resolved": "https://registry.npmjs.org/@types/d3-color/-/d3-color-1.4.1.tgz",
      "integrity": "sha512-xkPLi+gbgUU9ED6QX4g6jqYL2KCB0/3AlM+ncMGqn49OgH0gFMY/ITGqPF8HwEiLzJaC+2L0I+gNwBgABv1Pvg=="
    },
    "@types/d3-contour": {
      "version": "2.0.0",
      "resolved": "https://registry.npmjs.org/@types/d3-contour/-/d3-contour-2.0.0.tgz",
      "integrity": "sha512-PS9UO6zBQqwHXsocbpdzZFONgK1oRUgWtjjh/iz2vM06KaXLInLiKZ9e3OLBRerc1cU2uJYpO+8zOnb6frvCGQ==",
      "requires": {
        "@types/d3-array": "*",
        "@types/geojson": "*"
      }
    },
    "@types/d3-delaunay": {
      "version": "5.3.0",
      "resolved": "https://registry.npmjs.org/@types/d3-delaunay/-/d3-delaunay-5.3.0.tgz",
      "integrity": "sha512-gJYcGxLu0xDZPccbUe32OUpeaNtd1Lz0NYJtko6ZLMyG2euF4pBzrsQXms67LHZCDFzzszw+dMhSL/QAML3bXw=="
    },
    "@types/d3-dispatch": {
      "version": "2.0.0",
      "resolved": "https://registry.npmjs.org/@types/d3-dispatch/-/d3-dispatch-2.0.0.tgz",
      "integrity": "sha512-Sh0KW6z/d7uxssD7K4s4uCSzlEG/+SP+U47q098NVdOfFvUKNTvKAIV4XqjxsUuhE/854ARAREHOxkr9gQOCyg=="
    },
    "@types/d3-drag": {
      "version": "2.0.0",
      "resolved": "https://registry.npmjs.org/@types/d3-drag/-/d3-drag-2.0.0.tgz",
      "integrity": "sha512-VaUJPjbMnDn02tcRqsHLRAX5VjcRIzCjBfeXTLGe6QjMn5JccB5Cz4ztMRXMJfkbC45ovgJFWuj6DHvWMX1thA==",
      "requires": {
        "@types/d3-selection": "*"
      }
    },
    "@types/d3-dsv": {
      "version": "2.0.0",
      "resolved": "https://registry.npmjs.org/@types/d3-dsv/-/d3-dsv-2.0.0.tgz",
      "integrity": "sha512-wYqy7T8tQ/DmocwxmlPujllLI5fg3lb6/FrVVWkLUD+NsRV+kcE4nbRZg10G9yjJ8pK2ZXqu+VP5jQbN13uNRQ=="
    },
    "@types/d3-ease": {
      "version": "2.0.0",
      "resolved": "https://registry.npmjs.org/@types/d3-ease/-/d3-ease-2.0.0.tgz",
      "integrity": "sha512-6aZrTyX5LG+ptofVHf+gTsThLRY1nhLotJjgY4drYqk1OkJMu2UvuoZRlPw2fffjRHeYepue3/fxTufqKKmvsA=="
    },
    "@types/d3-fetch": {
      "version": "2.0.0",
      "resolved": "https://registry.npmjs.org/@types/d3-fetch/-/d3-fetch-2.0.0.tgz",
      "integrity": "sha512-WnLepGtxepFfXRdPI8I5FTgNiHn9p4vMTTqaNCzJJfAswXx0rOY2jjeolzEU063em3iJmGZ+U79InnEeFOrCRw==",
      "requires": {
        "@types/d3-dsv": "*"
      }
    },
    "@types/d3-force": {
      "version": "2.1.0",
      "resolved": "https://registry.npmjs.org/@types/d3-force/-/d3-force-2.1.0.tgz",
      "integrity": "sha512-LGDtC2YADu8OBniq9EBx/MOsXsMcJbEkmfSpXuz6oVdRamB+3CLCiq5EKFPEILGZQckkilGFq1ZTJ7kc289k+Q=="
    },
    "@types/d3-format": {
      "version": "2.0.0",
      "resolved": "https://registry.npmjs.org/@types/d3-format/-/d3-format-2.0.0.tgz",
      "integrity": "sha512-uagdkftxnGkO4pZw5jEYOM5ZnZOEsh7z8j11Qxk85UkB2RzfUUxRl7R9VvvJZHwKn8l+x+rpS77Nusq7FkFmIg=="
    },
    "@types/d3-geo": {
      "version": "2.0.0",
      "resolved": "https://registry.npmjs.org/@types/d3-geo/-/d3-geo-2.0.0.tgz",
      "integrity": "sha512-DHHgYXW36lnAEQMYU2udKVOxxljHrn2EdOINeSC9jWCAXwOnGn7A19B8sNsHqgpu4F7O2bSD7//cqBXD3W0Deg==",
      "requires": {
        "@types/geojson": "*"
      }
    },
    "@types/d3-hierarchy": {
      "version": "2.0.0",
      "resolved": "https://registry.npmjs.org/@types/d3-hierarchy/-/d3-hierarchy-2.0.0.tgz",
      "integrity": "sha512-YxdskUvwzqggpnSnDQj4KVkicgjpkgXn/g/9M9iGsiToLS3nG6Ytjo1FoYhYVAAElV/fJBGVL3cQ9Hb7tcv+lw=="
    },
    "@types/d3-interpolate": {
      "version": "1.4.2",
      "resolved": "https://registry.npmjs.org/@types/d3-interpolate/-/d3-interpolate-1.4.2.tgz",
      "integrity": "sha512-ylycts6llFf8yAEs1tXzx2loxxzDZHseuhPokrqKprTQSTcD3JbJI1omZP1rphsELZO3Q+of3ff0ZS7+O6yVzg==",
      "requires": {
        "@types/d3-color": "^1"
      }
    },
    "@types/d3-path": {
      "version": "2.0.0",
      "resolved": "https://registry.npmjs.org/@types/d3-path/-/d3-path-2.0.0.tgz",
      "integrity": "sha512-tXcR/9OtDdeCIsyl6eTNHC3XOAOdyc6ceF3QGBXOd9jTcK+ex/ecr00p9L9362e/op3UEPpxrToi1FHrtTSj7Q=="
    },
    "@types/d3-polygon": {
      "version": "2.0.0",
      "resolved": "https://registry.npmjs.org/@types/d3-polygon/-/d3-polygon-2.0.0.tgz",
      "integrity": "sha512-fISnMd8ePED1G4aa4V974Jmt+ajHSgPoxMa2D0ULxMybpx0Vw4WEzhQEaMIrL3hM8HVRcKTx669I+dTy/4PhAw=="
    },
    "@types/d3-quadtree": {
      "version": "2.0.0",
      "resolved": "https://registry.npmjs.org/@types/d3-quadtree/-/d3-quadtree-2.0.0.tgz",
      "integrity": "sha512-YZuJuGBnijD0H+98xMJD4oZXgv/umPXy5deu3IimYTPGH3Kr8Th6iQUff0/6S80oNBD7KtOuIHwHUCymUiRoeQ=="
    },
    "@types/d3-random": {
      "version": "2.2.0",
      "resolved": "https://registry.npmjs.org/@types/d3-random/-/d3-random-2.2.0.tgz",
      "integrity": "sha512-Hjfj9m68NmYZzushzEG7etPvKH/nj9b9s9+qtkNG3/dbRBjQZQg1XS6nRuHJcCASTjxXlyXZnKu2gDxyQIIu9A=="
    },
    "@types/d3-scale": {
      "version": "3.2.0",
      "resolved": "https://registry.npmjs.org/@types/d3-scale/-/d3-scale-3.2.0.tgz",
      "integrity": "sha512-AhnhueLSDQtS3ZpymlzKqT0siMToe/+mhIFf3UcH/hzlWnqPfPigb3vIFgpEL8k9KARx41t3qQGVFc9awYWpEg==",
      "requires": {
        "@types/d3-time": "*"
      }
    },
    "@types/d3-scale-chromatic": {
      "version": "2.0.0",
      "resolved": "https://registry.npmjs.org/@types/d3-scale-chromatic/-/d3-scale-chromatic-2.0.0.tgz",
      "integrity": "sha512-Y62+2clOwZoKua84Ha0xU77w7lePiaBoTjXugT4l8Rd5LAk+Mn/ZDtrgs087a+B5uJ3jYUHHtKw5nuEzp0WBHw=="
    },
    "@types/d3-selection": {
      "version": "2.0.0",
      "resolved": "https://registry.npmjs.org/@types/d3-selection/-/d3-selection-2.0.0.tgz",
      "integrity": "sha512-EF0lWZ4tg7oDFg4YQFlbOU3936e3a9UmoQ2IXlBy1+cv2c2Pv7knhKUzGlH5Hq2sF/KeDTH1amiRPey2rrLMQA=="
    },
    "@types/d3-shape": {
      "version": "2.0.0",
      "resolved": "https://registry.npmjs.org/@types/d3-shape/-/d3-shape-2.0.0.tgz",
      "integrity": "sha512-NLzD02m5PiD1KLEDjLN+MtqEcFYn4ZL9+Rqc9ZwARK1cpKZXd91zBETbe6wpBB6Ia0D0VZbpmbW3+BsGPGnCpA==",
      "requires": {
        "@types/d3-path": "^1"
      },
      "dependencies": {
        "@types/d3-path": {
          "version": "1.0.9",
          "resolved": "https://registry.npmjs.org/@types/d3-path/-/d3-path-1.0.9.tgz",
          "integrity": "sha512-NaIeSIBiFgSC6IGUBjZWcscUJEq7vpVu7KthHN8eieTV9d9MqkSOZLH4chq1PmcKy06PNe3axLeKmRIyxJ+PZQ=="
        }
      }
    },
    "@types/d3-time": {
      "version": "1.1.1",
      "resolved": "https://registry.npmjs.org/@types/d3-time/-/d3-time-1.1.1.tgz",
      "integrity": "sha512-ULX7LoqXTCYtM+tLYOaeAJK7IwCT+4Gxlm2MaH0ErKLi07R5lh8NHCAyWcDkCCmx1AfRcBEV6H9QE9R25uP7jw=="
    },
    "@types/d3-time-format": {
      "version": "3.0.0",
      "resolved": "https://registry.npmjs.org/@types/d3-time-format/-/d3-time-format-3.0.0.tgz",
      "integrity": "sha512-UpLg1mn/8PLyjr+J/JwdQJM/GzysMvv2CS8y+WYAL5K0+wbvXv/pPSLEfdNaprCZsGcXTxPsFMy8QtkYv9ueew=="
    },
    "@types/d3-timer": {
      "version": "2.0.0",
      "resolved": "https://registry.npmjs.org/@types/d3-timer/-/d3-timer-2.0.0.tgz",
      "integrity": "sha512-l6stHr1VD1BWlW6u3pxrjLtJfpPZq9I3XmKIQtq7zHM/s6fwEtI1Yn6Sr5/jQTrUDCC5jkS6gWqlFGCDArDqNg=="
    },
    "@types/d3-transition": {
      "version": "2.0.0",
      "resolved": "https://registry.npmjs.org/@types/d3-transition/-/d3-transition-2.0.0.tgz",
      "integrity": "sha512-UJDzI98utcZQUJt3uIit/Ho0/eBIANzrWJrTmi4+TaKIyWL2iCu7ShP0o4QajCskhyjOA7C8+4CE3b1YirTzEQ==",
      "requires": {
        "@types/d3-selection": "*"
      }
    },
    "@types/d3-zoom": {
      "version": "2.0.0",
      "resolved": "https://registry.npmjs.org/@types/d3-zoom/-/d3-zoom-2.0.0.tgz",
      "integrity": "sha512-daL0PJm4yT0ISTGa7p2lHX0kvv9FO/IR1ooWbHR/7H4jpbaKiLux5FslyS/OvISPiJ5SXb4sOqYhO6fMB6hKRw==",
      "requires": {
        "@types/d3-interpolate": "*",
        "@types/d3-selection": "*"
      }
    },
    "@types/geojson": {
      "version": "7946.0.7",
      "resolved": "https://registry.npmjs.org/@types/geojson/-/geojson-7946.0.7.tgz",
      "integrity": "sha512-wE2v81i4C4Ol09RtsWFAqg3BUitWbHSpSlIo+bNdsCJijO9sjme+zm+73ZMCa/qMC8UEERxzGbvmr1cffo2SiQ=="
    },
    "@types/topojson": {
      "version": "3.2.2",
      "resolved": "https://registry.npmjs.org/@types/topojson/-/topojson-3.2.2.tgz",
      "integrity": "sha512-CwIJKe3YmNZ4oMcjJ//+8IXe6YA+znX6DXe0alCEoMoiWEM97QfjuP9BhPdvSU4pa0ZgghYJYtKcTprZhJm7Kw==",
      "requires": {
        "@types/geojson": "*",
        "@types/topojson-client": "*",
        "@types/topojson-server": "*",
        "@types/topojson-simplify": "*",
        "@types/topojson-specification": "*"
      }
    },
    "@types/topojson-client": {
      "version": "3.0.0",
      "resolved": "https://registry.npmjs.org/@types/topojson-client/-/topojson-client-3.0.0.tgz",
      "integrity": "sha512-HZH6E8XMhjkDEkkpe3HuIg95COuvjdnyy0EKrh8rAi1f6o/V6P3ly1kGyU2E8bpAffXDd2r+Rk5ceMX4XkqHnA==",
      "requires": {
        "@types/geojson": "*",
        "@types/topojson-specification": "*"
      }
    },
    "@types/topojson-server": {
      "version": "3.0.0",
      "resolved": "https://registry.npmjs.org/@types/topojson-server/-/topojson-server-3.0.0.tgz",
      "integrity": "sha512-OdIgHf+9hbEOdrZEoIaE6staRbCyssznjtggIySUqvWOk9xWK0lodLnn7ks3l8H+wgMTgelEXqyBmAtlyn0fvA==",
      "requires": {
        "@types/geojson": "*",
        "@types/topojson-specification": "*"
      }
    },
    "@types/topojson-simplify": {
      "version": "3.0.0",
      "resolved": "https://registry.npmjs.org/@types/topojson-simplify/-/topojson-simplify-3.0.0.tgz",
      "integrity": "sha512-hfrvjZ/KbdAFBgJzdPfkixHgMNbhRvvFSCIOga1rAeluksFV9sSTWx+N4vZymqcfz1J+yMZfP2SCRt+/DHsJCQ==",
      "requires": {
        "@types/geojson": "*",
        "@types/topojson-specification": "*"
      }
    },
    "@types/topojson-specification": {
      "version": "1.0.1",
      "resolved": "https://registry.npmjs.org/@types/topojson-specification/-/topojson-specification-1.0.1.tgz",
      "integrity": "sha512-ZZYZUgkmUls9Uhxx2WZNt9f/h2+H3abUUjOVmq+AaaDFckC5oAwd+MDp95kBirk+XCXrYj0hfpI6DSUiJMrpYQ==",
      "requires": {
        "@types/geojson": "*"
      }
    },
    "typescript": {
      "version": "4.0.5",
      "resolved": "https://registry.npmjs.org/typescript/-/typescript-4.0.5.tgz",
      "integrity": "sha512-ywmr/VrTVCmNTJ6iV2LwIrfG1P+lv6luD8sUJs+2eI9NLGigaN+nUQc13iHqisq7bra9lnmUSYqbJvegraBOPQ==",
      "dev": true
    }
  }
}
